
Microsoft Visual Studio Solution File, Format Version 12.00
# Visual Studio Version 16
VisualStudioVersion = 16.0.29911.84
MinimumVisualStudioVersion = 10.0.40219.1
Project("{FAE04EC0-301F-11D3-BF4B-00C04F79EFBC}") = "RyskanovDiplom", "RyskanovDiplom.csproj", "{D9031701-FC58-4FE9-B80A-07C89B6120E3}"
EndProject
Global
	GlobalSection(SolutionConfigurationPlatforms) = preSolution
		Debug|Any CPU = Debug|Any CPU
		Release|Any CPU = Release|Any CPU
	EndGlobalSection
	GlobalSection(ProjectConfigurationPlatforms) = postSolution
		{D9031701-FC58-4FE9-B80A-07C89B6120E3}.Debug|Any CPU.ActiveCfg = Debug|Any CPU
		{D9031701-FC58-4FE9-B80A-07C89B6120E3}.Debug|Any CPU.Build.0 = Debug|Any CPU
		{D9031701-FC58-4FE9-B80A-07C89B6120E3}.Release|Any CPU.ActiveCfg = Release|Any CPU
		{D9031701-FC58-4FE9-B80A-07C89B6120E3}.Release|Any CPU.Build.0 = Release|Any CPU
	EndGlobalSection
	GlobalSection(SolutionProperties) = preSolution
		HideSolutionNode = FALSE
	EndGlobalSection
	GlobalSection(ExtensibilityGlobals) = postSolution
		SolutionGuid = {BEFF107A-EB0D-4552-B6F1-61DBA2E03AB3}
	EndGlobalSection
EndGlobal
